
Microsoft Visual Studio Solution File, Format Version 12.00
# Visual Studio Version 16
VisualStudioVersion = 16.0.30114.105
MinimumVisualStudioVersion = 10.0.40219.1
Project("{FAE04EC0-301F-11D3-BF4B-00C04F79EFBC}") = "Life", "Life\Life.csproj", "{D51AA659-8A58-4314-A40B-57BDE206C608}"
EndProject
Project("{FAE04EC0-301F-11D3-BF4B-00C04F79EFBC}") = "Life.Test", "Life.Test\Life.Test.csproj", "{B69B48B7-6F97-43CF-9EA1-2EE4C46EA93D}"
EndProject
Global
	GlobalSection(SolutionConfigurationPlatforms) = preSolution
		Debug|Any CPU = Debug|Any CPU
		Release|Any CPU = Release|Any CPU
	EndGlobalSection
	GlobalSection(ProjectConfigurationPlatforms) = postSolution
		{D51AA659-8A58-4314-A40B-57BDE206C608}.Debug|Any CPU.ActiveCfg = Debug|Any CPU
		{D51AA659-8A58-4314-A40B-57BDE206C608}.Debug|Any CPU.Build.0 = Debug|Any CPU
		{D51AA659-8A58-4314-A40B-57BDE206C608}.Release|Any CPU.ActiveCfg = Release|Any CPU
		{D51AA659-8A58-4314-A40B-57BDE206C608}.Release|Any CPU.Build.0 = Release|Any CPU
		{B69B48B7-6F97-43CF-9EA1-2EE4C46EA93D}.Debug|Any CPU.ActiveCfg = Debug|Any CPU
		{B69B48B7-6F97-43CF-9EA1-2EE4C46EA93D}.Debug|Any CPU.Build.0 = Debug|Any CPU
		{B69B48B7-6F97-43CF-9EA1-2EE4C46EA93D}.Release|Any CPU.ActiveCfg = Release|Any CPU
		{B69B48B7-6F97-43CF-9EA1-2EE4C46EA93D}.Release|Any CPU.Build.0 = Release|Any CPU
	EndGlobalSection
	GlobalSection(SolutionProperties) = preSolution
		HideSolutionNode = FALSE
	EndGlobalSection
	GlobalSection(ExtensibilityGlobals) = postSolution
		SolutionGuid = {8D7D307F-A4B2-48FD-B822-A26B03529CFD}
	EndGlobalSection
EndGlobal
